
Microsoft Visual Studio Solution File, Format Version 12.00
# Visual Studio Version 17
VisualStudioVersion = 17.9.34622.214
MinimumVisualStudioVersion = 10.0.40219.1
Project("{FAE04EC0-301F-11D3-BF4B-00C04F79EFBC}") = "kartaOcenFilmow", "kartaOcenFilmow.csproj", "{FE66F968-47D4-4ACD-B27C-91B994E9CB34}"
EndProject
Project("{FAE04EC0-301F-11D3-BF4B-00C04F79EFBC}") = "Konstruktor", "..\Konstruktor\Konstruktor.csproj", "{50DDFDD0-BE7D-4F24-A28E-81772CEEC69E}"
EndProject
Project("{FAE04EC0-301F-11D3-BF4B-00C04F79EFBC}") = "Klasa_a_zmienna", "..\Klasa_a_zmienna\Klasa_a_zmienna.csproj", "{29E45E72-7BFC-49DA-8906-72E13A32317B}"
EndProject
Global
	GlobalSection(SolutionConfigurationPlatforms) = preSolution
		Debug|Any CPU = Debug|Any CPU
		Release|Any CPU = Release|Any CPU
	EndGlobalSection
	GlobalSection(ProjectConfigurationPlatforms) = postSolution
		{FE66F968-47D4-4ACD-B27C-91B994E9CB34}.Debug|Any CPU.ActiveCfg = Debug|Any CPU
		{FE66F968-47D4-4ACD-B27C-91B994E9CB34}.Debug|Any CPU.Build.0 = Debug|Any CPU
		{FE66F968-47D4-4ACD-B27C-91B994E9CB34}.Release|Any CPU.ActiveCfg = Release|Any CPU
		{FE66F968-47D4-4ACD-B27C-91B994E9CB34}.Release|Any CPU.Build.0 = Release|Any CPU
		{50DDFDD0-BE7D-4F24-A28E-81772CEEC69E}.Debug|Any CPU.ActiveCfg = Debug|Any CPU
		{50DDFDD0-BE7D-4F24-A28E-81772CEEC69E}.Debug|Any CPU.Build.0 = Debug|Any CPU
		{50DDFDD0-BE7D-4F24-A28E-81772CEEC69E}.Release|Any CPU.ActiveCfg = Release|Any CPU
		{50DDFDD0-BE7D-4F24-A28E-81772CEEC69E}.Release|Any CPU.Build.0 = Release|Any CPU
		{29E45E72-7BFC-49DA-8906-72E13A32317B}.Debug|Any CPU.ActiveCfg = Debug|Any CPU
		{29E45E72-7BFC-49DA-8906-72E13A32317B}.Debug|Any CPU.Build.0 = Debug|Any CPU
		{29E45E72-7BFC-49DA-8906-72E13A32317B}.Release|Any CPU.ActiveCfg = Release|Any CPU
		{29E45E72-7BFC-49DA-8906-72E13A32317B}.Release|Any CPU.Build.0 = Release|Any CPU
	EndGlobalSection
	GlobalSection(SolutionProperties) = preSolution
		HideSolutionNode = FALSE
	EndGlobalSection
	GlobalSection(ExtensibilityGlobals) = postSolution
		SolutionGuid = {DF7ED748-BF44-4893-8F31-7F68C045A043}
	EndGlobalSection
EndGlobal
